
Microsoft Visual Studio Solution File, Format Version 12.00
# Visual Studio 15
VisualStudioVersion = 15.0.27130.2027
MinimumVisualStudioVersion = 10.0.40219.1
Project("{FAE04EC0-301F-11D3-BF4B-00C04F79EFBC}") = "Shop_List0613", "Shop_List0613\Shop_List0613.csproj", "{788D09AA-7451-4D96-911A-91384F4BE1B6}"
EndProject
Global
	GlobalSection(SolutionConfigurationPlatforms) = preSolution
		Debug|Any CPU = Debug|Any CPU
		Release|Any CPU = Release|Any CPU
	EndGlobalSection
	GlobalSection(ProjectConfigurationPlatforms) = postSolution
		{788D09AA-7451-4D96-911A-91384F4BE1B6}.Debug|Any CPU.ActiveCfg = Debug|Any CPU
		{788D09AA-7451-4D96-911A-91384F4BE1B6}.Debug|Any CPU.Build.0 = Debug|Any CPU
		{788D09AA-7451-4D96-911A-91384F4BE1B6}.Release|Any CPU.ActiveCfg = Release|Any CPU
		{788D09AA-7451-4D96-911A-91384F4BE1B6}.Release|Any CPU.Build.0 = Release|Any CPU
	EndGlobalSection
	GlobalSection(SolutionProperties) = preSolution
		HideSolutionNode = FALSE
	EndGlobalSection
	GlobalSection(ExtensibilityGlobals) = postSolution
		SolutionGuid = {14CBF505-7257-4163-BD3F-FB688C29F34F}
	EndGlobalSection
EndGlobal
